
Microsoft Visual Studio Solution File, Format Version 12.00
# Visual Studio Version 17
VisualStudioVersion = 17.8.34330.188
MinimumVisualStudioVersion = 10.0.40219.1
Project("{FAE04EC0-301F-11D3-BF4B-00C04F79EFBC}") = "PacsDigital", "PacsDigital\PacsDigital.csproj", "{C99668A0-FED6-4599-92D0-5AA6DFE43D65}"
EndProject
Global
	GlobalSection(SolutionConfigurationPlatforms) = preSolution
		Debug|Any CPU = Debug|Any CPU
		Release|Any CPU = Release|Any CPU
	EndGlobalSection
	GlobalSection(ProjectConfigurationPlatforms) = postSolution
		{C99668A0-FED6-4599-92D0-5AA6DFE43D65}.Debug|Any CPU.ActiveCfg = Debug|Any CPU
		{C99668A0-FED6-4599-92D0-5AA6DFE43D65}.Debug|Any CPU.Build.0 = Debug|Any CPU
		{C99668A0-FED6-4599-92D0-5AA6DFE43D65}.Release|Any CPU.ActiveCfg = Release|Any CPU
		{C99668A0-FED6-4599-92D0-5AA6DFE43D65}.Release|Any CPU.Build.0 = Release|Any CPU
	EndGlobalSection
	GlobalSection(SolutionProperties) = preSolution
		HideSolutionNode = FALSE
	EndGlobalSection
	GlobalSection(ExtensibilityGlobals) = postSolution
		SolutionGuid = {DD05E27A-3A7A-41AD-9FEE-C3DBB3694EAE}
	EndGlobalSection
EndGlobal
